// !$*UTF8*$!
{
	archiveVersion = 1;
	classes = {
	};
	objectVersion = 46;
	objects = {

/* Begin PBXBuildFile section */
		6D217AE21E2D17880099763B /* ShowsAlert.swift in Sources */ = {isa = PBXBuildFile; fileRef = 6D217AE11E2D17880099763B /* ShowsAlert.swift */; };
		6D3930591E29370300B121D2 /* AppDelegate.swift in Sources */ = {isa = PBXBuildFile; fileRef = 6D3930581E29370300B121D2 /* AppDelegate.swift */; };
		6D39305B1E29370300B121D2 /* ViewController.swift in Sources */ = {isa = PBXBuildFile; fileRef = 6D39305A1E29370300B121D2 /* ViewController.swift */; };
		6D39305E1E29370300B121D2 /* Main.storyboard in Resources */ = {isa = PBXBuildFile; fileRef = 6D39305C1E29370300B121D2 /* Main.storyboard */; };
		6D3930611E29370300B121D2 /* CarTest_17.xcdatamodeld in Sources */ = {isa = PBXBuildFile; fileRef = 6D39305F1E29370300B121D2 /* CarTest_17.xcdatamodeld */; };
		6D3930631E29370300B121D2 /* Assets.xcassets in Resources */ = {isa = PBXBuildFile; fileRef = 6D3930621E29370300B121D2 /* Assets.xcassets */; };
		6D3930661E29370300B121D2 /* LaunchScreen.storyboard in Resources */ = {isa = PBXBuildFile; fileRef = 6D3930641E29370300B121D2 /* LaunchScreen.storyboard */; };
		6D3930711E29370300B121D2 /* CarTest_17Tests.swift in Sources */ = {isa = PBXBuildFile; fileRef = 6D3930701E29370300B121D2 /* CarTest_17Tests.swift */; };
		6D39307C1E29370300B121D2 /* CarTest_17UITests.swift in Sources */ = {isa = PBXBuildFile; fileRef = 6D39307B1E29370300B121D2 /* CarTest_17UITests.swift */; };
		6D39308A1E29570800B121D2 /* BaseTableViewCell.swift in Sources */ = {isa = PBXBuildFile; fileRef = 6D3930891E29570800B121D2 /* BaseTableViewCell.swift */; };
		6D39308C1E29572B00B121D2 /* NoResultsFoundTableViewCell.swift in Sources */ = {isa = PBXBuildFile; fileRef = 6D39308B1E29572B00B121D2 /* NoResultsFoundTableViewCell.swift */; };
		6D39308E1E29583300B121D2 /* carListTableViewCell.swift in Sources */ = {isa = PBXBuildFile; fileRef = 6D39308D1E29583300B121D2 /* carListTableViewCell.swift */; };
		6D3930951E29E8AB00B121D2 /* NetWorkParser.m in Sources */ = {isa = PBXBuildFile; fileRef = 6D3930941E29E8AB00B121D2 /* NetWorkParser.m */; };
		6D3930991E2A18D800B121D2 /* car.swift in Sources */ = {isa = PBXBuildFile; fileRef = 6D3930981E2A18D800B121D2 /* car.swift */; };
		6D39309B1E2A19B000B121D2 /* CarViewModel.swift in Sources */ = {isa = PBXBuildFile; fileRef = 6D39309A1E2A19B000B121D2 /* CarViewModel.swift */; };
		6DCA89F41E2A536B004AEE6E /* MyFooter.swift in Sources */ = {isa = PBXBuildFile; fileRef = 6DCA89F31E2A536B004AEE6E /* MyFooter.swift */; };
		6DCA89F81E2BC4FA004AEE6E /* CarBrandViewController.swift in Sources */ = {isa = PBXBuildFile; fileRef = 6DCA89F71E2BC4F9004AEE6E /* CarBrandViewController.swift */; };
		6DCA89FA1E2C0697004AEE6E /* NetworkDataProvider.swift in Sources */ = {isa = PBXBuildFile; fileRef = 6DCA89F91E2C0697004AEE6E /* NetworkDataProvider.swift */; };
/* End PBXBuildFile section */

/* Begin PBXContainerItemProxy section */
		6D39306D1E29370300B121D2 /* PBXContainerItemProxy */ = {
			isa = PBXContainerItemProxy;
			containerPortal = 6D39304D1E29370300B121D2 /* Project object */;
			proxyType = 1;
			remoteGlobalIDString = 6D3930541E29370300B121D2;
			remoteInfo = CarTest_17;
		};
		6D3930781E29370300B121D2 /* PBXContainerItemProxy */ = {
			isa = PBXContainerItemProxy;
			containerPortal = 6D39304D1E29370300B121D2 /* Project object */;
			proxyType = 1;
			remoteGlobalIDString = 6D3930541E29370300B121D2;
			remoteInfo = CarTest_17;
		};
/* End PBXContainerItemProxy section */

/* Begin PBXFileReference section */
		6D217AE11E2D17880099763B /* ShowsAlert.swift */ = {isa = PBXFileReference; fileEncoding = 4; lastKnownFileType = sourcecode.swift; path = ShowsAlert.swift; sourceTree = "<group>"; };
		6D3930551E29370300B121D2 /* CarTest_17.app */ = {isa = PBXFileReference; explicitFileType = wrapper.application; includeInIndex = 0; path = CarTest_17.app; sourceTree = BUILT_PRODUCTS_DIR; };
		6D3930581E29370300B121D2 /* AppDelegate.swift */ = {isa = PBXFileReference; lastKnownFileType = sourcecode.swift; path = AppDelegate.swift; sourceTree = "<group>"; };
		6D39305A1E29370300B121D2 /* ViewController.swift */ = {isa = PBXFileReference; lastKnownFileType = sourcecode.swift; path = ViewController.swift; sourceTree = "<group>"; };
		6D39305D1E29370300B121D2 /* Base */ = {isa = PBXFileReference; lastKnownFileType = file.storyboard; name = Base; path = Base.lproj/Main.storyboard; sourceTree = "<group>"; };
		6D3930601E29370300B121D2 /* CarTest_17.xcdatamodel */ = {isa = PBXFileReference; lastKnownFileType = wrapper.xcdatamodel; path = CarTest_17.xcdatamodel; sourceTree = "<group>"; };
		6D3930621E29370300B121D2 /* Assets.xcassets */ = {isa = PBXFileReference; lastKnownFileType = folder.assetcatalog; path = Assets.xcassets; sourceTree = "<group>"; };
		6D3930651E29370300B121D2 /* Base */ = {isa = PBXFileReference; lastKnownFileType = file.storyboard; name = Base; path = Base.lproj/LaunchScreen.storyboard; sourceTree = "<group>"; };
		6D3930671E29370300B121D2 /* Info.plist */ = {isa = PBXFileReference; lastKnownFileType = text.plist.xml; path = Info.plist; sourceTree = "<group>"; };
		6D39306C1E29370300B121D2 /* CarTest_17Tests.xctest */ = {isa = PBXFileReference; explicitFileType = wrapper.cfbundle; includeInIndex = 0; path = CarTest_17Tests.xctest; sourceTree = BUILT_PRODUCTS_DIR; };
		6D3930701E29370300B121D2 /* CarTest_17Tests.swift */ = {isa = PBXFileReference; lastKnownFileType = sourcecode.swift; path = CarTest_17Tests.swift; sourceTree = "<group>"; };
		6D3930721E29370300B121D2 /* Info.plist */ = {isa = PBXFileReference; lastKnownFileType = text.plist.xml; path = Info.plist; sourceTree = "<group>"; };
		6D3930771E29370300B121D2 /* CarTest_17UITests.xctest */ = {isa = PBXFileReference; explicitFileType = wrapper.cfbundle; includeInIndex = 0; path = CarTest_17UITests.xctest; sourceTree = BUILT_PRODUCTS_DIR; };
		6D39307B1E29370300B121D2 /* CarTest_17UITests.swift */ = {isa = PBXFileReference; lastKnownFileType = sourcecode.swift; path = CarTest_17UITests.swift; sourceTree = "<group>"; };
		6D39307D1E29370300B121D2 /* Info.plist */ = {isa = PBXFileReference; lastKnownFileType = text.plist.xml; path = Info.plist; sourceTree = "<group>"; };
		6D3930891E29570800B121D2 /* BaseTableViewCell.swift */ = {isa = PBXFileReference; fileEncoding = 4; lastKnownFileType = sourcecode.swift; path = BaseTableViewCell.swift; sourceTree = "<group>"; };
		6D39308B1E29572B00B121D2 /* NoResultsFoundTableViewCell.swift */ = {isa = PBXFileReference; fileEncoding = 4; lastKnownFileType = sourcecode.swift; path = NoResultsFoundTableViewCell.swift; sourceTree = "<group>"; };
		6D39308D1E29583300B121D2 /* carListTableViewCell.swift */ = {isa = PBXFileReference; fileEncoding = 4; lastKnownFileType = sourcecode.swift; path = carListTableViewCell.swift; sourceTree = "<group>"; };
		6D39308F1E29605B00B121D2 /* CarTest_17-Bridging-Header.h */ = {isa = PBXFileReference; lastKnownFileType = sourcecode.c.h; path = "CarTest_17-Bridging-Header.h"; sourceTree = "<group>"; };
		6D3930931E29E8AB00B121D2 /* NetWorkParser.h */ = {isa = PBXFileReference; fileEncoding = 4; lastKnownFileType = sourcecode.c.h; path = NetWorkParser.h; sourceTree = "<group>"; };
		6D3930941E29E8AB00B121D2 /* NetWorkParser.m */ = {isa = PBXFileReference; fileEncoding = 4; lastKnownFileType = sourcecode.c.objc; path = NetWorkParser.m; sourceTree = "<group>"; };
		6D3930981E2A18D800B121D2 /* car.swift */ = {isa = PBXFileReference; fileEncoding = 4; lastKnownFileType = sourcecode.swift; path = car.swift; sourceTree = "<group>"; };
		6D39309A1E2A19B000B121D2 /* CarViewModel.swift */ = {isa = PBXFileReference; fileEncoding = 4; lastKnownFileType = sourcecode.swift; path = CarViewModel.swift; sourceTree = "<group>"; };
		6DCA89F31E2A536B004AEE6E /* MyFooter.swift */ = {isa = PBXFileReference; fileEncoding = 4; lastKnownFileType = sourcecode.swift; path = MyFooter.swift; sourceTree = "<group>"; };
		6DCA89F71E2BC4F9004AEE6E /* CarBrandViewController.swift */ = {isa = PBXFileReference; fileEncoding = 4; lastKnownFileType = sourcecode.swift; path = CarBrandViewController.swift; sourceTree = "<group>"; };
		6DCA89F91E2C0697004AEE6E /* NetworkDataProvider.swift */ = {isa = PBXFileReference; fileEncoding = 4; lastKnownFileType = sourcecode.swift; path = NetworkDataProvider.swift; sourceTree = "<group>"; };
/* End PBXFileReference section */

/* Begin PBXFrameworksBuildPhase section */
		6D3930521E29370300B121D2 /* Frameworks */ = {
			isa = PBXFrameworksBuildPhase;
			buildActionMask = 2147483647;
			files = (
			);
			runOnlyForDeploymentPostprocessing = 0;
		};
		6D3930691E29370300B121D2 /* Frameworks */ = {
			isa = PBXFrameworksBuildPhase;
			buildActionMask = 2147483647;
			files = (
			);
			runOnlyForDeploymentPostprocessing = 0;
		};
		6D3930741E29370300B121D2 /* Frameworks */ = {
			isa = PBXFrameworksBuildPhase;
			buildActionMask = 2147483647;
			files = (
			);
			runOnlyForDeploymentPostprocessing = 0;
		};
/* End PBXFrameworksBuildPhase section */

/* Begin PBXGroup section */
		6D217AE01E2C9FF90099763B /* TableviewCells */ = {
			isa = PBXGroup;
			children = (
				6D39308D1E29583300B121D2 /* carListTableViewCell.swift */,
				6D39308B1E29572B00B121D2 /* NoResultsFoundTableViewCell.swift */,
				6D3930891E29570800B121D2 /* BaseTableViewCell.swift */,
			);
			name = TableviewCells;
			sourceTree = "<group>";
		};
		6D39304C1E29370300B121D2 = {
			isa = PBXGroup;
			children = (
				6D3930571E29370300B121D2 /* CarTest_17 */,
				6D39306F1E29370300B121D2 /* CarTest_17Tests */,
				6D39307A1E29370300B121D2 /* CarTest_17UITests */,
				6D3930561E29370300B121D2 /* Products */,
			);
			sourceTree = "<group>";
		};
		6D3930561E29370300B121D2 /* Products */ = {
			isa = PBXGroup;
			children = (
				6D3930551E29370300B121D2 /* CarTest_17.app */,
				6D39306C1E29370300B121D2 /* CarTest_17Tests.xctest */,
				6D3930771E29370300B121D2 /* CarTest_17UITests.xctest */,
			);
			name = Products;
			sourceTree = "<group>";
		};
		6D3930571E29370300B121D2 /* CarTest_17 */ = {
			isa = PBXGroup;
			children = (
				6D3930961E2A136000B121D2 /* storyboard */,
				6D39309E1E2A20E100B121D2 /* Network-obj C */,
				6D39309D1E2A204300B121D2 /* view */,
				6D39309C1E2A19C400B121D2 /* viewModel */,
				6D3930971E2A18A100B121D2 /* model */,
				6D39309F1E2A213E00B121D2 /* controller */,
				6D3930621E29370300B121D2 /* Assets.xcassets */,
				6D39305F1E29370300B121D2 /* CarTest_17.xcdatamodeld */,
				6D3930671E29370300B121D2 /* Info.plist */,
				6D39308F1E29605B00B121D2 /* CarTest_17-Bridging-Header.h */,
			);
			path = CarTest_17;
			sourceTree = "<group>";
		};
		6D39306F1E29370300B121D2 /* CarTest_17Tests */ = {
			isa = PBXGroup;
			children = (
				6D3930701E29370300B121D2 /* CarTest_17Tests.swift */,
				6D3930721E29370300B121D2 /* Info.plist */,
			);
			path = CarTest_17Tests;
			sourceTree = "<group>";
		};
		6D39307A1E29370300B121D2 /* CarTest_17UITests */ = {
			isa = PBXGroup;
			children = (
				6D39307B1E29370300B121D2 /* CarTest_17UITests.swift */,
				6D39307D1E29370300B121D2 /* Info.plist */,
			);
			path = CarTest_17UITests;
			sourceTree = "<group>";
		};
		6D3930961E2A136000B121D2 /* storyboard */ = {
			isa = PBXGroup;
			children = (
				6D39305C1E29370300B121D2 /* Main.storyboard */,
				6D3930641E29370300B121D2 /* LaunchScreen.storyboard */,
			);
			name = storyboard;
			sourceTree = "<group>";
		};
		6D3930971E2A18A100B121D2 /* model */ = {
			isa = PBXGroup;
			children = (
				6D3930981E2A18D800B121D2 /* car.swift */,
			);
			name = model;
			sourceTree = "<group>";
		};
		6D39309C1E2A19C400B121D2 /* viewModel */ = {
			isa = PBXGroup;
			children = (
				6D39309A1E2A19B000B121D2 /* CarViewModel.swift */,
				6DCA89F91E2C0697004AEE6E /* NetworkDataProvider.swift */,
			);
			name = viewModel;
			sourceTree = "<group>";
		};
		6D39309D1E2A204300B121D2 /* view */ = {
			isa = PBXGroup;
			children = (
				6D217AE01E2C9FF90099763B /* TableviewCells */,
				6DCA89F31E2A536B004AEE6E /* MyFooter.swift */,
				6D217AE11E2D17880099763B /* ShowsAlert.swift */,
			);
			name = view;
			sourceTree = "<group>";
		};
		6D39309E1E2A20E100B121D2 /* Network-obj C */ = {
			isa = PBXGroup;
			children = (
				6D3930931E29E8AB00B121D2 /* NetWorkParser.h */,
				6D3930941E29E8AB00B121D2 /* NetWorkParser.m */,
			);
			name = "Network-obj C";
			sourceTree = "<group>";
		};
		6D39309F1E2A213E00B121D2 /* controller */ = {
			isa = PBXGroup;
			children = (
				6D39305A1E29370300B121D2 /* ViewController.swift */,
				6D3930581E29370300B121D2 /* AppDelegate.swift */,
				6DCA89F71E2BC4F9004AEE6E /* CarBrandViewController.swift */,
			);
			name = controller;
			sourceTree = "<group>";
		};
/* End PBXGroup section */

/* Begin PBXNativeTarget section */
		6D3930541E29370300B121D2 /* CarTest_17 */ = {
			isa = PBXNativeTarget;
			buildConfigurationList = 6D3930801E29370300B121D2 /* Build configuration list for PBXNativeTarget "CarTest_17" */;
			buildPhases = (
				6D3930511E29370300B121D2 /* Sources */,
				6D3930521E29370300B121D2 /* Frameworks */,
				6D3930531E29370300B121D2 /* Resources */,
			);
			buildRules = (
			);
			dependencies = (
			);
			name = CarTest_17;
			productName = CarTest_17;
			productReference = 6D3930551E29370300B121D2 /* CarTest_17.app */;
			productType = "com.apple.product-type.application";
		};
		6D39306B1E29370300B121D2 /* CarTest_17Tests */ = {
			isa = PBXNativeTarget;
			buildConfigurationList = 6D3930831E29370300B121D2 /* Build configuration list for PBXNativeTarget "CarTest_17Tests" */;
			buildPhases = (
				6D3930681E29370300B121D2 /* Sources */,
				6D3930691E29370300B121D2 /* Frameworks */,
				6D39306A1E29370300B121D2 /* Resources */,
			);
			buildRules = (
			);
			dependencies = (
				6D39306E1E29370300B121D2 /* PBXTargetDependency */,
			);
			name = CarTest_17Tests;
			productName = CarTest_17Tests;
			productReference = 6D39306C1E29370300B121D2 /* CarTest_17Tests.xctest */;
			productType = "com.apple.product-type.bundle.unit-test";
		};
		6D3930761E29370300B121D2 /* CarTest_17UITests */ = {
			isa = PBXNativeTarget;
			buildConfigurationList = 6D3930861E29370300B121D2 /* Build configuration list for PBXNativeTarget "CarTest_17UITests" */;
			buildPhases = (
				6D3930731E29370300B121D2 /* Sources */,
				6D3930741E29370300B121D2 /* Frameworks */,
				6D3930751E29370300B121D2 /* Resources */,
			);
			buildRules = (
			);
			dependencies = (
				6D3930791E29370300B121D2 /* PBXTargetDependency */,
			);
			name = CarTest_17UITests;
			productName = CarTest_17UITests;
			productReference = 6D3930771E29370300B121D2 /* CarTest_17UITests.xctest */;
			productType = "com.apple.product-type.bundle.ui-testing";
		};
/* End PBXNativeTarget section */

/* Begin PBXProject section */
		6D39304D1E29370300B121D2 /* Project object */ = {
			isa = PBXProject;
			attributes = {
				LastSwiftUpdateCheck = 0810;
				LastUpgradeCheck = 0810;
				ORGANIZATIONNAME = sureshkumar;
				TargetAttributes = {
					6D3930541E29370300B121D2 = {
						CreatedOnToolsVersion = 8.1;
						LastSwiftMigration = 0810;
						ProvisioningStyle = Automatic;
					};
					6D39306B1E29370300B121D2 = {
						CreatedOnToolsVersion = 8.1;
						ProvisioningStyle = Automatic;
						TestTargetID = 6D3930541E29370300B121D2;
					};
					6D3930761E29370300B121D2 = {
						CreatedOnToolsVersion = 8.1;
						ProvisioningStyle = Automatic;
						TestTargetID = 6D3930541E29370300B121D2;
					};
				};
			};
			buildConfigurationList = 6D3930501E29370300B121D2 /* Build configuration list for PBXProject "CarTest_17" */;
			compatibilityVersion = "Xcode 3.2";
			developmentRegion = English;
			hasScannedForEncodings = 0;
			knownRegions = (
				en,
				Base,
			);
			mainGroup = 6D39304C1E29370300B121D2;
			productRefGroup = 6D3930561E29370300B121D2 /* Products */;
			projectDirPath = "";
			projectRoot = "";
			targets = (
				6D3930541E29370300B121D2 /* CarTest_17 */,
				6D39306B1E29370300B121D2 /* CarTest_17Tests */,
				6D3930761E29370300B121D2 /* CarTest_17UITests */,
			);
		};
/* End PBXProject section */

/* Begin PBXResourcesBuildPhase section */
		6D3930531E29370300B121D2 /* Resources */ = {
			isa = PBXResourcesBuildPhase;
			buildActionMask = 2147483647;
			files = (
				6D3930661E29370300B121D2 /* LaunchScreen.storyboard in Resources */,
				6D3930631E29370300B121D2 /* Assets.xcassets in Resources */,
				6D39305E1E29370300B121D2 /* Main.storyboard in Resources */,
			);
			runOnlyForDeploymentPostprocessing = 0;
		};
		6D39306A1E29370300B121D2 /* Resources */ = {
			isa = PBXResourcesBuildPhase;
			buildActionMask = 2147483647;
			files = (
			);
			runOnlyForDeploymentPostprocessing = 0;
		};
		6D3930751E29370300B121D2 /* Resources */ = {
			isa = PBXResourcesBuildPhase;
			buildActionMask = 2147483647;
			files = (
			);
			runOnlyForDeploymentPostprocessing = 0;
		};
/* End PBXResourcesBuildPhase section */

/* Begin PBXSourcesBuildPhase section */
		6D3930511E29370300B121D2 /* Sources */ = {
			isa = PBXSourcesBuildPhase;
			buildActionMask = 2147483647;
			files = (
				6D39308A1E29570800B121D2 /* BaseTableViewCell.swift in Sources */,
				6D3930951E29E8AB00B121D2 /* NetWorkParser.m in Sources */,
				6DCA89F81E2BC4FA004AEE6E /* CarBrandViewController.swift in Sources */,
				6D39305B1E29370300B121D2 /* ViewController.swift in Sources */,
				6D3930611E29370300B121D2 /* CarTest_17.xcdatamodeld in Sources */,
				6D3930591E29370300B121D2 /* AppDelegate.swift in Sources */,
				6D39308E1E29583300B121D2 /* carListTableViewCell.swift in Sources */,
				6DCA89FA1E2C0697004AEE6E /* NetworkDataProvider.swift in Sources */,
				6D217AE21E2D17880099763B /* ShowsAlert.swift in Sources */,
				6D39309B1E2A19B000B121D2 /* CarViewModel.swift in Sources */,
				6D3930991E2A18D800B121D2 /* car.swift in Sources */,
				6D39308C1E29572B00B121D2 /* NoResultsFoundTableViewCell.swift in Sources */,
				6DCA89F41E2A536B004AEE6E /* MyFooter.swift in Sources */,
			);
			runOnlyForDeploymentPostprocessing = 0;
		};
		6D3930681E29370300B121D2 /* Sources */ = {
			isa = PBXSourcesBuildPhase;
			buildActionMask = 2147483647;
			files = (
				6D3930711E29370300B121D2 /* CarTest_17Tests.swift in Sources */,
			);
			runOnlyForDeploymentPostprocessing = 0;
		};
		6D3930731E29370300B121D2 /* Sources */ = {
			isa = PBXSourcesBuildPhase;
			buildActionMask = 2147483647;
			files = (
				6D39307C1E29370300B121D2 /* CarTest_17UITests.swift in Sources */,
			);
			runOnlyForDeploymentPostprocessing = 0;
		};
/* End PBXSourcesBuildPhase section */

/* Begin PBXTargetDependency section */
		6D39306E1E29370300B121D2 /* PBXTargetDependency */ = {
			isa = PBXTargetDependency;
			target = 6D3930541E29370300B121D2 /* CarTest_17 */;
			targetProxy = 6D39306D1E29370300B121D2 /* PBXContainerItemProxy */;
		};
		6D3930791E29370300B121D2 /* PBXTargetDependency */ = {
			isa = PBXTargetDependency;
			target = 6D3930541E29370300B121D2 /* CarTest_17 */;
			targetProxy = 6D3930781E29370300B121D2 /* PBXContainerItemProxy */;
		};
/* End PBXTargetDependency section */

/* Begin PBXVariantGroup section */
		6D39305C1E29370300B121D2 /* Main.storyboard */ = {
			isa = PBXVariantGroup;
			children = (
				6D39305D1E29370300B121D2 /* Base */,
			);
			name = Main.storyboard;
			sourceTree = "<group>";
		};
		6D3930641E29370300B121D2 /* LaunchScreen.storyboard */ = {
			isa = PBXVariantGroup;
			children = (
				6D3930651E29370300B121D2 /* Base */,
			);
			name = LaunchScreen.storyboard;
			sourceTree = "<group>";
		};
/* End PBXVariantGroup section */

/* Begin XCBuildConfiguration section */
		6D39307E1E29370300B121D2 /* Debug */ = {
			isa = XCBuildConfiguration;
			buildSettings = {
				ALWAYS_SEARCH_USER_PATHS = NO;
				CLANG_ANALYZER_NONNULL = YES;
				CLANG_CXX_LANGUAGE_STANDARD = "gnu++0x";
				CLANG_CXX_LIBRARY = "libc++";
				CLANG_ENABLE_MODULES = YES;
				CLANG_ENABLE_OBJC_ARC = YES;
				CLANG_WARN_BOOL_CONVERSION = YES;
				CLANG_WARN_CONSTANT_CONVERSION = YES;
				CLANG_WARN_DIRECT_OBJC_ISA_USAGE = YES_ERROR;
				CLANG_WARN_DOCUMENTATION_COMMENTS = YES;
				CLANG_WARN_EMPTY_BODY = YES;
				CLANG_WARN_ENUM_CONVERSION = YES;
				CLANG_WARN_INFINITE_RECURSION = YES;
				CLANG_WARN_INT_CONVERSION = YES;
				CLANG_WARN_OBJC_ROOT_CLASS = YES_ERROR;
				CLANG_WARN_SUSPICIOUS_MOVES = YES;
				CLANG_WARN_UNREACHABLE_CODE = YES;
				CLANG_WARN__DUPLICATE_METHOD_MATCH = YES;
				"CODE_SIGN_IDENTITY[sdk=iphoneos*]" = "iPhone Developer";
				COPY_PHASE_STRIP = NO;
				DEBUG_INFORMATION_FORMAT = dwarf;
				ENABLE_STRICT_OBJC_MSGSEND = YES;
				ENABLE_TESTABILITY = YES;
				GCC_C_LANGUAGE_STANDARD = gnu99;
				GCC_DYNAMIC_NO_PIC = NO;
				GCC_NO_COMMON_BLOCKS = YES;
				GCC_OPTIMIZATION_LEVEL = 0;
				GCC_PREPROCESSOR_DEFINITIONS = (
					"DEBUG=1",
					"$(inherited)",
				);
				GCC_WARN_64_TO_32_BIT_CONVERSION = YES;
				GCC_WARN_ABOUT_RETURN_TYPE = YES_ERROR;
				GCC_WARN_UNDECLARED_SELECTOR = YES;
				GCC_WARN_UNINITIALIZED_AUTOS = YES_AGGRESSIVE;
				GCC_WARN_UNUSED_FUNCTION = YES;
				GCC_WARN_UNUSED_VARIABLE = YES;
				IPHONEOS_DEPLOYMENT_TARGET = 10.1;
				MTL_ENABLE_DEBUG_INFO = YES;
				ONLY_ACTIVE_ARCH = YES;
				SDKROOT = iphoneos;
				SWIFT_ACTIVE_COMPILATION_CONDITIONS = DEBUG;
				SWIFT_OPTIMIZATION_LEVEL = "-Onone";
				TARGETED_DEVICE_FAMILY = "1,2";
			};
			name = Debug;
		};
		6D39307F1E29370300B121D2 /* Release */ = {
			isa = XCBuildConfiguration;
			buildSettings = {
				ALWAYS_SEARCH_USER_PATHS = NO;
				CLANG_ANALYZER_NONNULL = YES;
				CLANG_CXX_LANGUAGE_STANDARD = "gnu++0x";
				CLANG_CXX_LIBRARY = "libc++";
				CLANG_ENABLE_MODULES = YES;
				CLANG_ENABLE_OBJC_ARC = YES;
				CLANG_WARN_BOOL_CONVERSION = YES;
				CLANG_WARN_CONSTANT_CONVERSION = YES;
				CLANG_WARN_DIRECT_OBJC_ISA_USAGE = YES_ERROR;
				CLANG_WARN_DOCUMENTATION_COMMENTS = YES;
				CLANG_WARN_EMPTY_BODY = YES;
				CLANG_WARN_ENUM_CONVERSION = YES;
				CLANG_WARN_INFINITE_RECURSION = YES;
				CLANG_WARN_INT_CONVERSION = YES;
				CLANG_WARN_OBJC_ROOT_CLASS = YES_ERROR;
				CLANG_WARN_SUSPICIOUS_MOVES = YES;
				CLANG_WARN_UNREACHABLE_CODE = YES;
				CLANG_WARN__DUPLICATE_METHOD_MATCH = YES;
				"CODE_SIGN_IDENTITY[sdk=iphoneos*]" = "iPhone Developer";
				COPY_PHASE_STRIP = NO;
				DEBUG_INFORMATION_FORMAT = "dwarf-with-dsym";
				ENABLE_NS_ASSERTIONS = NO;
				ENABLE_STRICT_OBJC_MSGSEND = YES;
				GCC_C_LANGUAGE_STANDARD = gnu99;
				GCC_NO_COMMON_BLOCKS = YES;
				GCC_WARN_64_TO_32_BIT_CONVERSION = YES;
				GCC_WARN_ABOUT_RETURN_TYPE = YES_ERROR;
				GCC_WARN_UNDECLARED_SELECTOR = YES;
				GCC_WARN_UNINITIALIZED_AUTOS = YES_AGGRESSIVE;
				GCC_WARN_UNUSED_FUNCTION = YES;
				GCC_WARN_UNUSED_VARIABLE = YES;
				IPHONEOS_DEPLOYMENT_TARGET = 10.1;
				MTL_ENABLE_DEBUG_INFO = NO;
				SDKROOT = iphoneos;
				SWIFT_OPTIMIZATION_LEVEL = "-Owholemodule";
				TARGETED_DEVICE_FAMILY = "1,2";
				VALIDATE_PRODUCT = YES;
			};
			name = Release;
		};
		6D3930811E29370300B121D2 /* Debug */ = {
			isa = XCBuildConfiguration;
			buildSettings = {
				ASSETCATALOG_COMPILER_APPICON_NAME = AppIcon;
				CLANG_ENABLE_MODULES = YES;
				INFOPLIST_FILE = CarTest_17/Info.plist;
				LD_RUNPATH_SEARCH_PATHS = "$(inherited) @executable_path/Frameworks";
				PRODUCT_BUNDLE_IDENTIFIER = "sureshkumar.CarTest-17";
				PRODUCT_NAME = "$(TARGET_NAME)";
				SWIFT_OBJC_BRIDGING_HEADER = "CarTest_17/CarTest_17-Bridging-Header.h";
				SWIFT_OPTIMIZATION_LEVEL = "-Onone";
				SWIFT_VERSION = 3.0;
			};
			name = Debug;
		};
		6D3930821E29370300B121D2 /* Release */ = {
			isa = XCBuildConfiguration;
			buildSettings = {
				ASSETCATALOG_COMPILER_APPICON_NAME = AppIcon;
				CLANG_ENABLE_MODULES = YES;
				INFOPLIST_FILE = CarTest_17/Info.plist;
				LD_RUNPATH_SEARCH_PATHS = "$(inherited) @executable_path/Frameworks";
				PRODUCT_BUNDLE_IDENTIFIER = "sureshkumar.CarTest-17";
				PRODUCT_NAME = "$(TARGET_NAME)";
				SWIFT_OBJC_BRIDGING_HEADER = "CarTest_17/CarTest_17-Bridging-Header.h";
				SWIFT_VERSION = 3.0;
			};
			name = Release;
		};
		6D3930841E29370300B121D2 /* Debug */ = {
			isa = XCBuildConfiguration;
			buildSettings = {
				ALWAYS_EMBED_SWIFT_STANDARD_LIBRARIES = YES;
				BUNDLE_LOADER = "$(TEST_HOST)";
				INFOPLIST_FILE = CarTest_17Tests/Info.plist;
				LD_RUNPATH_SEARCH_PATHS = "$(inherited) @executable_path/Frameworks @loader_path/Frameworks";
				PRODUCT_BUNDLE_IDENTIFIER = "sureshkumar.CarTest-17Tests";
				PRODUCT_NAME = "$(TARGET_NAME)";
				SWIFT_VERSION = 3.0;
				TEST_HOST = "$(BUILT_PRODUCTS_DIR)/CarTest_17.app/CarTest_17";
			};
			name = Debug;
		};
		6D3930851E29370300B121D2 /* Release */ = {
			isa = XCBuildConfiguration;
			buildSettings = {
				ALWAYS_EMBED_SWIFT_STANDARD_LIBRARIES = YES;
				BUNDLE_LOADER = "$(TEST_HOST)";
				INFOPLIST_FILE = CarTest_17Tests/Info.plist;
				LD_RUNPATH_SEARCH_PATHS = "$(inherited) @executable_path/Frameworks @loader_path/Frameworks";
				PRODUCT_BUNDLE_IDENTIFIER = "sureshkumar.CarTest-17Tests";
				PRODUCT_NAME = "$(TARGET_NAME)";
				SWIFT_VERSION = 3.0;
				TEST_HOST = "$(BUILT_PRODUCTS_DIR)/CarTest_17.app/CarTest_17";
			};
			name = Release;
		};
		6D3930871E29370300B121D2 /* Debug */ = {
			isa = XCBuildConfiguration;
			buildSettings = {
				ALWAYS_EMBED_SWIFT_STANDARD_LIBRARIES = YES;
				INFOPLIST_FILE = CarTest_17UITests/Info.plist;
				LD_RUNPATH_SEARCH_PATHS = "$(inherited) @executable_path/Frameworks @loader_path/Frameworks";
				PRODUCT_BUNDLE_IDENTIFIER = "sureshkumar.CarTest-17UITests";
				PRODUCT_NAME = "$(TARGET_NAME)";
				SWIFT_VERSION = 3.0;
				TEST_TARGET_NAME = CarTest_17;
			};
			name = Debug;
		};
		6D3930881E29370300B121D2 /* Release */ = {
			isa = XCBuildConfiguration;
			buildSettings = {
				ALWAYS_EMBED_SWIFT_STANDARD_LIBRARIES = YES;
				INFOPLIST_FILE = CarTest_17UITests/Info.plist;
				LD_RUNPATH_SEARCH_PATHS = "$(inherited) @executable_path/Frameworks @loader_path/Frameworks";
				PRODUCT_BUNDLE_IDENTIFIER = "sureshkumar.CarTest-17UITests";
				PRODUCT_NAME = "$(TARGET_NAME)";
				SWIFT_VERSION = 3.0;
				TEST_TARGET_NAME = CarTest_17;
			};
			name = Release;
		};
/* End XCBuildConfiguration section */

/* Begin XCConfigurationList section */
		6D3930501E29370300B121D2 /* Build configuration list for PBXProject "CarTest_17" */ = {
			isa = XCConfigurationList;
			buildConfigurations = (
				6D39307E1E29370300B121D2 /* Debug */,
				6D39307F1E29370300B121D2 /* Release */,
			);
			defaultConfigurationIsVisible = 0;
			defaultConfigurationName = Release;
		};
		6D3930801E29370300B121D2 /* Build configuration list for PBXNativeTarget "CarTest_17" */ = {
			isa = XCConfigurationList;
			buildConfigurations = (
				6D3930811E29370300B121D2 /* Debug */,
				6D3930821E29370300B121D2 /* Release */,
			);
			defaultConfigurationIsVisible = 0;
			defaultConfigurationName = Release;
		};
		6D3930831E29370300B121D2 /* Build configuration list for PBXNativeTarget "CarTest_17Tests" */ = {
			isa = XCConfigurationList;
			buildConfigurations = (
				6D3930841E29370300B121D2 /* Debug */,
				6D3930851E29370300B121D2 /* Release */,
			);
			defaultConfigurationIsVisible = 0;
			defaultConfigurationName = Release;
		};
		6D3930861E29370300B121D2 /* Build configuration list for PBXNativeTarget "CarTest_17UITests" */ = {
			isa = XCConfigurationList;
			buildConfigurations = (
				6D3930871E29370300B121D2 /* Debug */,
				6D3930881E29370300B121D2 /* Release */,
			);
			defaultConfigurationIsVisible = 0;
			defaultConfigurationName = Release;
		};
/* End XCConfigurationList section */

/* Begin XCVersionGroup section */
		6D39305F1E29370300B121D2 /* CarTest_17.xcdatamodeld */ = {
			isa = XCVersionGroup;
			children = (
				6D3930601E29370300B121D2 /* CarTest_17.xcdatamodel */,
			);
			currentVersion = 6D3930601E29370300B121D2 /* CarTest_17.xcdatamodel */;
			path = CarTest_17.xcdatamodeld;
			sourceTree = "<group>";
			versionGroupType = wrapper.xcdatamodel;
		};
/* End XCVersionGroup section */
	};
	rootObject = 6D39304D1E29370300B121D2 /* Project object */;
}
